
Microsoft Visual Studio Solution File, Format Version 12.00
# Visual Studio Version 17
VisualStudioVersion = 17.2.32630.192
MinimumVisualStudioVersion = 10.0.40219.1
Project("{FAE04EC0-301F-11D3-BF4B-00C04F79EFBC}") = "SecondHandCar", "SecondHandCar\SecondHandCar.csproj", "{A0DC0A49-55AF-40DC-8D8C-BB7BD8EAAE49}"
EndProject
Project("{FAE04EC0-301F-11D3-BF4B-00C04F79EFBC}") = "SecondHandCar.Tests", "SecondHandCar.Tests\SecondHandCar.Tests.csproj", "{4B1A3C0C-9FB2-47C4-9FCC-665E0F2FF1F9}"
EndProject
Global
	GlobalSection(SolutionConfigurationPlatforms) = preSolution
		Debug|Any CPU = Debug|Any CPU
		Release|Any CPU = Release|Any CPU
	EndGlobalSection
	GlobalSection(ProjectConfigurationPlatforms) = postSolution
		{A0DC0A49-55AF-40DC-8D8C-BB7BD8EAAE49}.Debug|Any CPU.ActiveCfg = Debug|Any CPU
		{A0DC0A49-55AF-40DC-8D8C-BB7BD8EAAE49}.Debug|Any CPU.Build.0 = Debug|Any CPU
		{A0DC0A49-55AF-40DC-8D8C-BB7BD8EAAE49}.Release|Any CPU.ActiveCfg = Release|Any CPU
		{A0DC0A49-55AF-40DC-8D8C-BB7BD8EAAE49}.Release|Any CPU.Build.0 = Release|Any CPU
		{4B1A3C0C-9FB2-47C4-9FCC-665E0F2FF1F9}.Debug|Any CPU.ActiveCfg = Debug|Any CPU
		{4B1A3C0C-9FB2-47C4-9FCC-665E0F2FF1F9}.Debug|Any CPU.Build.0 = Debug|Any CPU
		{4B1A3C0C-9FB2-47C4-9FCC-665E0F2FF1F9}.Release|Any CPU.ActiveCfg = Release|Any CPU
		{4B1A3C0C-9FB2-47C4-9FCC-665E0F2FF1F9}.Release|Any CPU.Build.0 = Release|Any CPU
	EndGlobalSection
	GlobalSection(SolutionProperties) = preSolution
		HideSolutionNode = FALSE
	EndGlobalSection
	GlobalSection(ExtensibilityGlobals) = postSolution
		SolutionGuid = {646B305B-5839-49C7-B4FA-249C9EF2899F}
	EndGlobalSection
EndGlobal
